
Microsoft Visual Studio Solution File, Format Version 12.00
# Visual Studio 15
VisualStudioVersion = 15.0.28010.2046
MinimumVisualStudioVersion = 10.0.40219.1
Project("{FAE04EC0-301F-11D3-BF4B-00C04F79EFBC}") = "ConSales", "ConSales\ConSales.csproj", "{10AB3323-AF11-4CC3-B118-A560583CEB32}"
EndProject
Global
	GlobalSection(SolutionConfigurationPlatforms) = preSolution
		Debug|Any CPU = Debug|Any CPU
		Release|Any CPU = Release|Any CPU
	EndGlobalSection
	GlobalSection(ProjectConfigurationPlatforms) = postSolution
		{10AB3323-AF11-4CC3-B118-A560583CEB32}.Debug|Any CPU.ActiveCfg = Debug|Any CPU
		{10AB3323-AF11-4CC3-B118-A560583CEB32}.Debug|Any CPU.Build.0 = Debug|Any CPU
		{10AB3323-AF11-4CC3-B118-A560583CEB32}.Release|Any CPU.ActiveCfg = Release|Any CPU
		{10AB3323-AF11-4CC3-B118-A560583CEB32}.Release|Any CPU.Build.0 = Release|Any CPU
	EndGlobalSection
	GlobalSection(SolutionProperties) = preSolution
		HideSolutionNode = FALSE
	EndGlobalSection
	GlobalSection(ExtensibilityGlobals) = postSolution
		SolutionGuid = {D7F54E19-3E7F-4CCE-9E38-946DE0D5FF59}
	EndGlobalSection
EndGlobal
